{
  "object": {
    "pins": [
      {
        "package": "SwiftSugar",
        "repositoryURL": "https://github.com/pxlshpr/SwiftSugar",
        "state": {
          "branch": null,
          "revision": "367629613def1bb61e378e402082559eeaf2a7c6",
          "version": "0.0.67"
        }
      }
    ]
  },
  "version": 1
}
