{
  "object": {
    "pins": [
      {
        "package": "SwiftHaptics",
        "repositoryURL": "https://github.com/pxlshpr/SwiftHaptics",
        "state": {
          "branch": null,
          "revision": "6300a8681b551f3df1023266116ca9700dbd14f9",
          "version": "0.1.0"
        }
      },
      {
        "package": "SwiftSugar",
        "repositoryURL": "https://github.com/pxlshpr/SwiftSugar",
        "state": {
          "branch": null,
          "revision": "dd4f8e88df267f426d24fb5f3ac231f72fbc4803",
          "version": "0.0.61"
        }
      },
      {
        "package": "SwiftUISugar",
        "repositoryURL": "https://github.com/pxlshpr/SwiftUISugar",
        "state": {
          "branch": null,
          "revision": "e2aff8da619fd36e7fa1d5995bd7dbdbe397fb18",
          "version": "0.0.188"
        }
      }
    ]
  },
  "version": 1
}
