{
  "object": {
    "pins": [
      {
        "package": "SwiftSugar",
        "repositoryURL": "https://github.com/pxlshpr/SwiftSugar",
        "state": {
          "branch": null,
          "revision": "8f6e2615bee4969dd629c09cae9d900b52081b02",
          "version": "0.0.74"
        }
      }
    ]
  },
  "version": 1
}
